Microsoft Visual Studio Solution File, Format Version 12.00
# Visual Studio Version 17
VisualStudioVersion = 17.5.2.0
MinimumVisualStudioVersion = 10.0.40219.1
Project("{FAE04EC0-301F-11D3-BF4B-00C04F79EFBC}") = "HolaMundo", "HolaMundo\HolaMundo.csproj", "{92D74F99-9C90-190F-F220-390E983A8B03}"
EndProject
Project("{FAE04EC0-301F-11D3-BF4B-00C04F79EFBC}") = "Arreglos", "Arreglos\Arreglos.csproj", "{C152439B-FA29-4AE1-AC55-E68B4797A86F}"
EndProject
Project("{FAE04EC0-301F-11D3-BF4B-00C04F79EFBC}") = "Calculadora", "Calculadora\Calculadora.csproj", "{65143391-F466-4E9D-9F52-287DFF13A712}"
EndProject
Project("{FAE04EC0-301F-11D3-BF4B-00C04F79EFBC}") = "Ciclos", "Ciclos\Ciclos.csproj", "{18A22181-C2D6-48DA-B3CC-2FD9672CDFF8}"
EndProject
Project("{FAE04EC0-301F-11D3-BF4B-00C04F79EFBC}") = "Clases", "Clases\Clases.csproj", "{57843B1A-6A2D-4C98-8C60-592016F61732}"
EndProject
Project("{FAE04EC0-301F-11D3-BF4B-00C04F79EFBC}") = "Condicionales", "Condicionales\Condicionales.csproj", "{7AD9F8F0-F421-4D0D-90F8-24A16C2464E5}"
EndProject
Project("{FAE04EC0-301F-11D3-BF4B-00C04F79EFBC}") = "Depuracion", "Depuracion\Depuracion.csproj", "{C14F9DB3-8090-401C-AACB-227A5D45B0E6}"
EndProject
Project("{FAE04EC0-301F-11D3-BF4B-00C04F79EFBC}") = "Foreach", "Foreach\Foreach.csproj", "{3BBC655B-86AD-4A4C-ADF4-EACA2E81263A}"
EndProject
Project("{FAE04EC0-301F-11D3-BF4B-00C04F79EFBC}") = "Interfaces", "Interfaces\Interfaces.csproj", "{48F4B9F7-EDC1-4FA6-BEBB-5B058EE5E148}"
EndProject
Project("{FAE04EC0-301F-11D3-BF4B-00C04F79EFBC}") = "Logger", "Logger\Logger.csproj", "{FF500BB6-6709-4F8F-893F-E38FDD8A41A9}"
EndProject
Project("{FAE04EC0-301F-11D3-BF4B-00C04F79EFBC}") = "ReadWrite", "ReadWrite\ReadWrite.csproj", "{A156D268-EB05-4ACA-BC1E-E758B84E95E3}"
EndProject
Project("{FAE04EC0-301F-11D3-BF4B-00C04F79EFBC}") = "Switch", "Switch\Switch.csproj", "{A228EBF8-0B6F-4A62-B4FD-A5BCE82ABF8D}"
EndProject
Global
	GlobalSection(SolutionConfigurationPlatforms) = preSolution
		Debug|Any CPU = Debug|Any CPU
		Release|Any CPU = Release|Any CPU
	EndGlobalSection
	GlobalSection(ProjectConfigurationPlatforms) = postSolution
		{92D74F99-9C90-190F-F220-390E983A8B03}.Debug|Any CPU.ActiveCfg = Debug|Any CPU
		{92D74F99-9C90-190F-F220-390E983A8B03}.Debug|Any CPU.Build.0 = Debug|Any CPU
		{92D74F99-9C90-190F-F220-390E983A8B03}.Release|Any CPU.ActiveCfg = Release|Any CPU
		{92D74F99-9C90-190F-F220-390E983A8B03}.Release|Any CPU.Build.0 = Release|Any CPU
		{C152439B-FA29-4AE1-AC55-E68B4797A86F}.Debug|Any CPU.ActiveCfg = Debug|Any CPU
		{C152439B-FA29-4AE1-AC55-E68B4797A86F}.Debug|Any CPU.Build.0 = Debug|Any CPU
		{C152439B-FA29-4AE1-AC55-E68B4797A86F}.Release|Any CPU.ActiveCfg = Release|Any CPU
		{C152439B-FA29-4AE1-AC55-E68B4797A86F}.Release|Any CPU.Build.0 = Release|Any CPU
		{65143391-F466-4E9D-9F52-287DFF13A712}.Debug|Any CPU.ActiveCfg = Debug|Any CPU
		{65143391-F466-4E9D-9F52-287DFF13A712}.Debug|Any CPU.Build.0 = Debug|Any CPU
		{65143391-F466-4E9D-9F52-287DFF13A712}.Release|Any CPU.ActiveCfg = Release|Any CPU
		{65143391-F466-4E9D-9F52-287DFF13A712}.Release|Any CPU.Build.0 = Release|Any CPU
		{18A22181-C2D6-48DA-B3CC-2FD9672CDFF8}.Debug|Any CPU.ActiveCfg = Debug|Any CPU
		{18A22181-C2D6-48DA-B3CC-2FD9672CDFF8}.Debug|Any CPU.Build.0 = Debug|Any CPU
		{18A22181-C2D6-48DA-B3CC-2FD9672CDFF8}.Release|Any CPU.ActiveCfg = Release|Any CPU
		{18A22181-C2D6-48DA-B3CC-2FD9672CDFF8}.Release|Any CPU.Build.0 = Release|Any CPU
		{57843B1A-6A2D-4C98-8C60-592016F61732}.Debug|Any CPU.ActiveCfg = Debug|Any CPU
		{57843B1A-6A2D-4C98-8C60-592016F61732}.Debug|Any CPU.Build.0 = Debug|Any CPU
		{57843B1A-6A2D-4C98-8C60-592016F61732}.Release|Any CPU.ActiveCfg = Release|Any CPU
		{57843B1A-6A2D-4C98-8C60-592016F61732}.Release|Any CPU.Build.0 = Release|Any CPU
		{7AD9F8F0-F421-4D0D-90F8-24A16C2464E5}.Debug|Any CPU.ActiveCfg = Debug|Any CPU
		{7AD9F8F0-F421-4D0D-90F8-24A16C2464E5}.Debug|Any CPU.Build.0 = Debug|Any CPU
		{7AD9F8F0-F421-4D0D-90F8-24A16C2464E5}.Release|Any CPU.ActiveCfg = Release|Any CPU
		{7AD9F8F0-F421-4D0D-90F8-24A16C2464E5}.Release|Any CPU.Build.0 = Release|Any CPU
		{C14F9DB3-8090-401C-AACB-227A5D45B0E6}.Debug|Any CPU.ActiveCfg = Debug|Any CPU
		{C14F9DB3-8090-401C-AACB-227A5D45B0E6}.Debug|Any CPU.Build.0 = Debug|Any CPU
		{C14F9DB3-8090-401C-AACB-227A5D45B0E6}.Release|Any CPU.ActiveCfg = Release|Any CPU
		{C14F9DB3-8090-401C-AACB-227A5D45B0E6}.Release|Any CPU.Build.0 = Release|Any CPU
		{3BBC655B-86AD-4A4C-ADF4-EACA2E81263A}.Debug|Any CPU.ActiveCfg = Debug|Any CPU
		{3BBC655B-86AD-4A4C-ADF4-EACA2E81263A}.Debug|Any CPU.Build.0 = Debug|Any CPU
		{3BBC655B-86AD-4A4C-ADF4-EACA2E81263A}.Release|Any CPU.ActiveCfg = Release|Any CPU
		{3BBC655B-86AD-4A4C-ADF4-EACA2E81263A}.Release|Any CPU.Build.0 = Release|Any CPU
		{48F4B9F7-EDC1-4FA6-BEBB-5B058EE5E148}.Debug|Any CPU.ActiveCfg = Debug|Any CPU
		{48F4B9F7-EDC1-4FA6-BEBB-5B058EE5E148}.Debug|Any CPU.Build.0 = Debug|Any CPU
		{48F4B9F7-EDC1-4FA6-BEBB-5B058EE5E148}.Release|Any CPU.ActiveCfg = Release|Any CPU
		{48F4B9F7-EDC1-4FA6-BEBB-5B058EE5E148}.Release|Any CPU.Build.0 = Release|Any CPU
		{FF500BB6-6709-4F8F-893F-E38FDD8A41A9}.Debug|Any CPU.ActiveCfg = Debug|Any CPU
		{FF500BB6-6709-4F8F-893F-E38FDD8A41A9}.Debug|Any CPU.Build.0 = Debug|Any CPU
		{FF500BB6-6709-4F8F-893F-E38FDD8A41A9}.Release|Any CPU.ActiveCfg = Release|Any CPU
		{FF500BB6-6709-4F8F-893F-E38FDD8A41A9}.Release|Any CPU.Build.0 = Release|Any CPU
		{A156D268-EB05-4ACA-BC1E-E758B84E95E3}.Debug|Any CPU.ActiveCfg = Debug|Any CPU
		{A156D268-EB05-4ACA-BC1E-E758B84E95E3}.Debug|Any CPU.Build.0 = Debug|Any CPU
		{A156D268-EB05-4ACA-BC1E-E758B84E95E3}.Release|Any CPU.ActiveCfg = Release|Any CPU
		{A156D268-EB05-4ACA-BC1E-E758B84E95E3}.Release|Any CPU.Build.0 = Release|Any CPU
		{A228EBF8-0B6F-4A62-B4FD-A5BCE82ABF8D}.Debug|Any CPU.ActiveCfg = Debug|Any CPU
		{A228EBF8-0B6F-4A62-B4FD-A5BCE82ABF8D}.Debug|Any CPU.Build.0 = Debug|Any CPU
		{A228EBF8-0B6F-4A62-B4FD-A5BCE82ABF8D}.Release|Any CPU.ActiveCfg = Release|Any CPU
		{A228EBF8-0B6F-4A62-B4FD-A5BCE82ABF8D}.Release|Any CPU.Build.0 = Release|Any CPU
	EndGlobalSection
	GlobalSection(SolutionProperties) = preSolution
		HideSolutionNode = FALSE
	EndGlobalSection
	GlobalSection(ExtensibilityGlobals) = postSolution
		SolutionGuid = {FB36D6B4-7A5D-429B-BAF0-973925BBC79E}
	EndGlobalSection
EndGlobal
